
Microsoft Visual Studio Solution File, Format Version 10.00
# Visual C++ Express 2008
Project("{8BC9CEB8-8B4A-11D0-8D11-00A0C91BC942}") = "zparser", "zparser.vcproj", "{C6B078BD-58D2-4E21-8F99-8DB1C3A2C496}"
EndProject
Global
	GlobalSection(SolutionConfigurationPlatforms) = preSolution
		Debug|Win32 = Debug|Win32
		Release|Win32 = Release|Win32
	EndGlobalSection
	GlobalSection(ProjectConfigurationPlatforms) = postSolution
		{C6B078BD-58D2-4E21-8F99-8DB1C3A2C496}.Debug|Win32.ActiveCfg = Debug|Win32
		{C6B078BD-58D2-4E21-8F99-8DB1C3A2C496}.Debug|Win32.Build.0 = Debug|Win32
		{C6B078BD-58D2-4E21-8F99-8DB1C3A2C496}.Release|Win32.ActiveCfg = Release|Win32
		{C6B078BD-58D2-4E21-8F99-8DB1C3A2C496}.Release|Win32.Build.0 = Release|Win32
	EndGlobalSection
	GlobalSection(SolutionProperties) = preSolution
		HideSolutionNode = FALSE
	EndGlobalSection
EndGlobal
